// !$*UTF8*$!
{
	archiveVersion = 1;
	classes = {
	};
	objectVersion = 50;
	objects = {

/* Begin PBXBuildFile section */
		04472310278355EE00F31580 /* AppDelegate.swift in Sources */ = {isa = PBXBuildFile; fileRef = 0447230F278355EE00F31580 /* AppDelegate.swift */; };
		04472312278355EE00F31580 /* SceneDelegate.swift in Sources */ = {isa = PBXBuildFile; fileRef = 04472311278355EE00F31580 /* SceneDelegate.swift */; };
		04472314278355EE00F31580 /* ViewController.swift in Sources */ = {isa = PBXBuildFile; fileRef = 04472313278355EE00F31580 /* ViewController.swift */; };
		04472319278355F400F31580 /* Assets.xcassets in Resources */ = {isa = PBXBuildFile; fileRef = 04472318278355F400F31580 /* Assets.xcassets */; };
		0447231C278355F400F31580 /* LaunchScreen.storyboard in Resources */ = {isa = PBXBuildFile; fileRef = 0447231A278355F400F31580 /* LaunchScreen.storyboard */; };
		0448A8732789BE43003B4B02 /* Main.storyboard in Resources */ = {isa = PBXBuildFile; fileRef = 04472315278355EE00F31580 /* Main.storyboard */; };
		0448A8752789D322003B4B02 /* GenerationPassword.swift in Sources */ = {isa = PBXBuildFile; fileRef = 0448A8742789D322003B4B02 /* GenerationPassword.swift */; };
		0448A8772789D60B003B4B02 /* ExtensionString.swift in Sources */ = {isa = PBXBuildFile; fileRef = 0448A8762789D60B003B4B02 /* ExtensionString.swift */; };
/* End PBXBuildFile section */

/* Begin PBXFileReference section */
		0447230C278355EE00F31580 /* BruteForceTask.app */ = {isa = PBXFileReference; explicitFileType = wrapper.application; includeInIndex = 0; path = BruteForceTask.app; sourceTree = BUILT_PRODUCTS_DIR; };
		0447230F278355EE00F31580 /* AppDelegate.swift */ = {isa = PBXFileReference; lastKnownFileType = sourcecode.swift; path = AppDelegate.swift; sourceTree = "<group>"; };
		04472311278355EE00F31580 /* SceneDelegate.swift */ = {isa = PBXFileReference; lastKnownFileType = sourcecode.swift; path = SceneDelegate.swift; sourceTree = "<group>"; };
		04472313278355EE00F31580 /* ViewController.swift */ = {isa = PBXFileReference; lastKnownFileType = sourcecode.swift; path = ViewController.swift; sourceTree = "<group>"; };
		04472316278355EE00F31580 /* Base */ = {isa = PBXFileReference; lastKnownFileType = file.storyboard; name = Base; path = Base.lproj/Main.storyboard; sourceTree = "<group>"; };
		04472318278355F400F31580 /* Assets.xcassets */ = {isa = PBXFileReference; lastKnownFileType = folder.assetcatalog; path = Assets.xcassets; sourceTree = "<group>"; };
		0447231B278355F400F31580 /* Base */ = {isa = PBXFileReference; lastKnownFileType = file.storyboard; name = Base; path = Base.lproj/LaunchScreen.storyboard; sourceTree = "<group>"; };
		0447231D278355F400F31580 /* Info.plist */ = {isa = PBXFileReference; lastKnownFileType = text.plist.xml; path = Info.plist; sourceTree = "<group>"; };
		0448A8742789D322003B4B02 /* GenerationPassword.swift */ = {isa = PBXFileReference; lastKnownFileType = sourcecode.swift; path = GenerationPassword.swift; sourceTree = "<group>"; };
		0448A8762789D60B003B4B02 /* ExtensionString.swift */ = {isa = PBXFileReference; lastKnownFileType = sourcecode.swift; path = ExtensionString.swift; sourceTree = "<group>"; };
/* End PBXFileReference section */

/* Begin PBXFrameworksBuildPhase section */
		04472309278355EE00F31580 /* Frameworks */ = {
			isa = PBXFrameworksBuildPhase;
			buildActionMask = 2147483647;
			files = (
			);
			runOnlyForDeploymentPostprocessing = 0;
		};
/* End PBXFrameworksBuildPhase section */

/* Begin PBXGroup section */
		04472303278355EE00F31580 = {
			isa = PBXGroup;
			children = (
				0447230E278355EE00F31580 /* BruteForceTask */,
				0447230D278355EE00F31580 /* Products */,
			);
			sourceTree = "<group>";
		};
		0447230D278355EE00F31580 /* Products */ = {
			isa = PBXGroup;
			children = (
				0447230C278355EE00F31580 /* BruteForceTask.app */,
			);
			name = Products;
			sourceTree = "<group>";
		};
		0447230E278355EE00F31580 /* BruteForceTask */ = {
			isa = PBXGroup;
			children = (
				0447230F278355EE00F31580 /* AppDelegate.swift */,
				04472311278355EE00F31580 /* SceneDelegate.swift */,
				04472313278355EE00F31580 /* ViewController.swift */,
				0448A8742789D322003B4B02 /* GenerationPassword.swift */,
				0448A8762789D60B003B4B02 /* ExtensionString.swift */,
				04472315278355EE00F31580 /* Main.storyboard */,
				04472318278355F400F31580 /* Assets.xcassets */,
				0447231A278355F400F31580 /* LaunchScreen.storyboard */,
				0447231D278355F400F31580 /* Info.plist */,
			);
			path = BruteForceTask;
			sourceTree = "<group>";
		};
/* End PBXGroup section */

/* Begin PBXNativeTarget section */
		0447230B278355EE00F31580 /* BruteForceTask */ = {
			isa = PBXNativeTarget;
			buildConfigurationList = 04472320278355F400F31580 /* Build configuration list for PBXNativeTarget "BruteForceTask" */;
			buildPhases = (
				04472308278355EE00F31580 /* Sources */,
				04472309278355EE00F31580 /* Frameworks */,
				0447230A278355EE00F31580 /* Resources */,
			);
			buildRules = (
			);
			dependencies = (
			);
			name = BruteForceTask;
			productName = BruteForceTask;
			productReference = 0447230C278355EE00F31580 /* BruteForceTask.app */;
			productType = "com.apple.product-type.application";
		};
/* End PBXNativeTarget section */

/* Begin PBXProject section */
		04472304278355EE00F31580 /* Project object */ = {
			isa = PBXProject;
			attributes = {
				LastSwiftUpdateCheck = 1250;
				LastUpgradeCheck = 1250;
				TargetAttributes = {
					0447230B278355EE00F31580 = {
						CreatedOnToolsVersion = 12.5.1;
					};
				};
			};
			buildConfigurationList = 04472307278355EE00F31580 /* Build configuration list for PBXProject "BruteForceTask" */;
			compatibilityVersion = "Xcode 9.3";
			developmentRegion = en;
			hasScannedForEncodings = 0;
			knownRegions = (
				en,
				Base,
			);
			mainGroup = 04472303278355EE00F31580;
			productRefGroup = 0447230D278355EE00F31580 /* Products */;
			projectDirPath = "";
			projectRoot = "";
			targets = (
				0447230B278355EE00F31580 /* BruteForceTask */,
			);
		};
/* End PBXProject section */

/* Begin PBXResourcesBuildPhase section */
		0447230A278355EE00F31580 /* Resources */ = {
			isa = PBXResourcesBuildPhase;
			buildActionMask = 2147483647;
			files = (
				0448A8732789BE43003B4B02 /* Main.storyboard in Resources */,
				0447231C278355F400F31580 /* LaunchScreen.storyboard in Resources */,
				04472319278355F400F31580 /* Assets.xcassets in Resources */,
			);
			runOnlyForDeploymentPostprocessing = 0;
		};
/* End PBXResourcesBuildPhase section */

/* Begin PBXSourcesBuildPhase section */
		04472308278355EE00F31580 /* Sources */ = {
			isa = PBXSourcesBuildPhase;
			buildActionMask = 2147483647;
			files = (
				0448A8772789D60B003B4B02 /* ExtensionString.swift in Sources */,
				04472314278355EE00F31580 /* ViewController.swift in Sources */,
				04472310278355EE00F31580 /* AppDelegate.swift in Sources */,
				0448A8752789D322003B4B02 /* GenerationPassword.swift in Sources */,
				04472312278355EE00F31580 /* SceneDelegate.swift in Sources */,
			);
			runOnlyForDeploymentPostprocessing = 0;
		};
/* End PBXSourcesBuildPhase section */

/* Begin PBXVariantGroup section */
		04472315278355EE00F31580 /* Main.storyboard */ = {
			isa = PBXVariantGroup;
			children = (
				04472316278355EE00F31580 /* Base */,
			);
			name = Main.storyboard;
			sourceTree = "<group>";
		};
		0447231A278355F400F31580 /* LaunchScreen.storyboard */ = {
			isa = PBXVariantGroup;
			children = (
				0447231B278355F400F31580 /* Base */,
			);
			name = LaunchScreen.storyboard;
			sourceTree = "<group>";
		};
/* End PBXVariantGroup section */

/* Begin XCBuildConfiguration section */
		0447231E278355F400F31580 /* Debug */ = {
			isa = XCBuildConfiguration;
			buildSettings = {
				ALWAYS_SEARCH_USER_PATHS = NO;
				CLANG_ANALYZER_NONNULL = YES;
				CLANG_ANALYZER_NUMBER_OBJECT_CONVERSION = YES_AGGRESSIVE;
				CLANG_CXX_LANGUAGE_STANDARD = "gnu++14";
				CLANG_CXX_LIBRARY = "libc++";
				CLANG_ENABLE_MODULES = YES;
				CLANG_ENABLE_OBJC_ARC = YES;
				CLANG_ENABLE_OBJC_WEAK = YES;
				CLANG_WARN_BLOCK_CAPTURE_AUTORELEASING = YES;
				CLANG_WARN_BOOL_CONVERSION = YES;
				CLANG_WARN_COMMA = YES;
				CLANG_WARN_CONSTANT_CONVERSION = YES;
				CLANG_WARN_DEPRECATED_OBJC_IMPLEMENTATIONS = YES;
				CLANG_WARN_DIRECT_OBJC_ISA_USAGE = YES_ERROR;
				CLANG_WARN_DOCUMENTATION_COMMENTS = YES;
				CLANG_WARN_EMPTY_BODY = YES;
				CLANG_WARN_ENUM_CONVERSION = YES;
				CLANG_WARN_INFINITE_RECURSION = YES;
				CLANG_WARN_INT_CONVERSION = YES;
				CLANG_WARN_NON_LITERAL_NULL_CONVERSION = YES;
				CLANG_WARN_OBJC_IMPLICIT_RETAIN_SELF = YES;
				CLANG_WARN_OBJC_LITERAL_CONVERSION = YES;
				CLANG_WARN_OBJC_ROOT_CLASS = YES_ERROR;
				CLANG_WARN_QUOTED_INCLUDE_IN_FRAMEWORK_HEADER = YES;
				CLANG_WARN_RANGE_LOOP_ANALYSIS = YES;
				CLANG_WARN_STRICT_PROTOTYPES = YES;
				CLANG_WARN_SUSPICIOUS_MOVE = YES;
				CLANG_WARN_UNGUARDED_AVAILABILITY = YES_AGGRESSIVE;
				CLANG_WARN_UNREACHABLE_CODE = YES;
				CLANG_WARN__DUPLICATE_METHOD_MATCH = YES;
				COPY_PHASE_STRIP = NO;
				DEBUG_INFORMATION_FORMAT = dwarf;
				ENABLE_STRICT_OBJC_MSGSEND = YES;
				ENABLE_TESTABILITY = YES;
				GCC_C_LANGUAGE_STANDARD = gnu11;
				GCC_DYNAMIC_NO_PIC = NO;
				GCC_NO_COMMON_BLOCKS = YES;
				GCC_OPTIMIZATION_LEVEL = 0;
				GCC_PREPROCESSOR_DEFINITIONS = (
					"DEBUG=1",
					"$(inherited)",
				);
				GCC_WARN_64_TO_32_BIT_CONVERSION = YES;
				GCC_WARN_ABOUT_RETURN_TYPE = YES_ERROR;
				GCC_WARN_UNDECLARED_SELECTOR = YES;
				GCC_WARN_UNINITIALIZED_AUTOS = YES_AGGRESSIVE;
				GCC_WARN_UNUSED_FUNCTION = YES;
				GCC_WARN_UNUSED_VARIABLE = YES;
				IPHONEOS_DEPLOYMENT_TARGET = 14.5;
				MTL_ENABLE_DEBUG_INFO = INCLUDE_SOURCE;
				MTL_FAST_MATH = YES;
				ONLY_ACTIVE_ARCH = YES;
				SDKROOT = iphoneos;
				SWIFT_ACTIVE_COMPILATION_CONDITIONS = DEBUG;
				SWIFT_OPTIMIZATION_LEVEL = "-Onone";
			};
			name = Debug;
		};
		0447231F278355F400F31580 /* Release */ = {
			isa = XCBuildConfiguration;
			buildSettings = {
				ALWAYS_SEARCH_USER_PATHS = NO;
				CLANG_ANALYZER_NONNULL = YES;
				CLANG_ANALYZER_NUMBER_OBJECT_CONVERSION = YES_AGGRESSIVE;
				CLANG_CXX_LANGUAGE_STANDARD = "gnu++14";
				CLANG_CXX_LIBRARY = "libc++";
				CLANG_ENABLE_MODULES = YES;
				CLANG_ENABLE_OBJC_ARC = YES;
				CLANG_ENABLE_OBJC_WEAK = YES;
				CLANG_WARN_BLOCK_CAPTURE_AUTORELEASING = YES;
				CLANG_WARN_BOOL_CONVERSION = YES;
				CLANG_WARN_COMMA = YES;
				CLANG_WARN_CONSTANT_CONVERSION = YES;
				CLANG_WARN_DEPRECATED_OBJC_IMPLEMENTATIONS = YES;
				CLANG_WARN_DIRECT_OBJC_ISA_USAGE = YES_ERROR;
				CLANG_WARN_DOCUMENTATION_COMMENTS = YES;
				CLANG_WARN_EMPTY_BODY = YES;
				CLANG_WARN_ENUM_CONVERSION = YES;
				CLANG_WARN_INFINITE_RECURSION = YES;
				CLANG_WARN_INT_CONVERSION = YES;
				CLANG_WARN_NON_LITERAL_NULL_CONVERSION = YES;
				CLANG_WARN_OBJC_IMPLICIT_RETAIN_SELF = YES;
				CLANG_WARN_OBJC_LITERAL_CONVERSION = YES;
				CLANG_WARN_OBJC_ROOT_CLASS = YES_ERROR;
				CLANG_WARN_QUOTED_INCLUDE_IN_FRAMEWORK_HEADER = YES;
				CLANG_WARN_RANGE_LOOP_ANALYSIS = YES;
				CLANG_WARN_STRICT_PROTOTYPES = YES;
				CLANG_WARN_SUSPICIOUS_MOVE = YES;
				CLANG_WARN_UNGUARDED_AVAILABILITY = YES_AGGRESSIVE;
				CLANG_WARN_UNREACHABLE_CODE = YES;
				CLANG_WARN__DUPLICATE_METHOD_MATCH = YES;
				COPY_PHASE_STRIP = NO;
				DEBUG_INFORMATION_FORMAT = "dwarf-with-dsym";
				ENABLE_NS_ASSERTIONS = NO;
				ENABLE_STRICT_OBJC_MSGSEND = YES;
				GCC_C_LANGUAGE_STANDARD = gnu11;
				GCC_NO_COMMON_BLOCKS = YES;
				GCC_WARN_64_TO_32_BIT_CONVERSION = YES;
				GCC_WARN_ABOUT_RETURN_TYPE = YES_ERROR;
				GCC_WARN_UNDECLARED_SELECTOR = YES;
				GCC_WARN_UNINITIALIZED_AUTOS = YES_AGGRESSIVE;
				GCC_WARN_UNUSED_FUNCTION = YES;
				GCC_WARN_UNUSED_VARIABLE = YES;
				IPHONEOS_DEPLOYMENT_TARGET = 14.5;
				MTL_ENABLE_DEBUG_INFO = NO;
				MTL_FAST_MATH = YES;
				SDKROOT = iphoneos;
				SWIFT_COMPILATION_MODE = wholemodule;
				SWIFT_OPTIMIZATION_LEVEL = "-O";
				VALIDATE_PRODUCT = YES;
			};
			name = Release;
		};
		04472321278355F400F31580 /* Debug */ = {
			isa = XCBuildConfiguration;
			buildSettings = {
				ASSETCATALOG_COMPILER_APPICON_NAME = AppIcon;
				ASSETCATALOG_COMPILER_GLOBAL_ACCENT_COLOR_NAME = AccentColor;
				CODE_SIGN_STYLE = Automatic;
				INFOPLIST_FILE = BruteForceTask/Info.plist;
				LD_RUNPATH_SEARCH_PATHS = (
					"$(inherited)",
					"@executable_path/Frameworks",
				);
				PRODUCT_BUNDLE_IDENTIFIER = com.my.BruteForceTask;
				PRODUCT_NAME = "$(TARGET_NAME)";
				SWIFT_VERSION = 5.0;
				TARGETED_DEVICE_FAMILY = "1,2";
			};
			name = Debug;
		};
		04472322278355F400F31580 /* Release */ = {
			isa = XCBuildConfiguration;
			buildSettings = {
				ASSETCATALOG_COMPILER_APPICON_NAME = AppIcon;
				ASSETCATALOG_COMPILER_GLOBAL_ACCENT_COLOR_NAME = AccentColor;
				CODE_SIGN_STYLE = Automatic;
				INFOPLIST_FILE = BruteForceTask/Info.plist;
				LD_RUNPATH_SEARCH_PATHS = (
					"$(inherited)",
					"@executable_path/Frameworks",
				);
				PRODUCT_BUNDLE_IDENTIFIER = com.my.BruteForceTask;
				PRODUCT_NAME = "$(TARGET_NAME)";
				SWIFT_VERSION = 5.0;
				TARGETED_DEVICE_FAMILY = "1,2";
			};
			name = Release;
		};
/* End XCBuildConfiguration section */

/* Begin XCConfigurationList section */
		04472307278355EE00F31580 /* Build configuration list for PBXProject "BruteForceTask" */ = {
			isa = XCConfigurationList;
			buildConfigurations = (
				0447231E278355F400F31580 /* Debug */,
				0447231F278355F400F31580 /* Release */,
			);
			defaultConfigurationIsVisible = 0;
			defaultConfigurationName = Release;
		};
		04472320278355F400F31580 /* Build configuration list for PBXNativeTarget "BruteForceTask" */ = {
			isa = XCConfigurationList;
			buildConfigurations = (
				04472321278355F400F31580 /* Debug */,
				04472322278355F400F31580 /* Release */,
			);
			defaultConfigurationIsVisible = 0;
			defaultConfigurationName = Release;
		};
/* End XCConfigurationList section */
	};
	rootObject = 04472304278355EE00F31580 /* Project object */;
}
